github.com/go-playground/errors/v5 v5.4.0 h1:BxBxwlRjuclYbRebE4ddrRrMK705lS2mHzHw7BDoDPA=
github.com/go-playground/errors/v5 v5.4.0/go.mod h1:6aVeVHsT36RNu/m/8AvGdPv8T2J/+KfVv6Su4VvBfpQ=
github.com/go-playground/pkg/v5 v5.32.0 h1:cfNesnmxNcCiI+lDUwoqRY/pX05Rc9vpuXKZguQYvAU=
github.com/go-playground/pkg/v5 v5.32.0/go.mod h1:16smvZwoP5hCzPUf11e/r6w88NtuzS776pT1Ixfewl4=
