github.com/go-playground/errors/v5 v5.4.0 h1:BxBxwlRjuclYbRebE4ddrRrMK705lS2mHzHw7BDoDPA=
github.com/go-playground/errors/v5 v5.4.0/go.mod h1:6aVeVHsT36RNu/m/8AvGdPv8T2J/+KfVv6Su4VvBfpQ=
github.com/go-playground/pkg/v5 v5.21.3 h1:1IVy0eupI5kht6L6zaAqTEvjs00zLkG28ictNkoN1wE=
github.com/go-playground/pkg/v5 v5.21.3/go.mod h1:UgHNntEQnMJSygw2O2RQ3LAB0tprx81K90c/pOKh7cU=
github.com/golangci/plugin-module-register v0.1.1 h1:TCmesur25LnyJkpsVrupv1Cdzo+2f7zX0H6Jkw1Ol6c=
github.com/golangci/plugin-module-register v0.1.1/go.mod h1:TTpqoB6KkwOJMV8u7+NyXMrkwwESJLOkfl9TxR1DGFc=
github.com/spf13/pflag v1.0.6 h1:jFzHGLGAlb3ruxLB8MhbI6A8+AQX/2eW4qeyNZXNp2o=
github.com/spf13/pflag v1.0.6/go.mod h1:McXfInJRrz4CZXVZOBLb0bTZqETkiAhM9Iw0y3An2Bg=
golang.org/x/tools v0.30.0 h1:BgcpHewrV5AUp2G9MebG4XPFI1E2W41zU1SaqVA9vJY=
golang.org/x/tools v0.30.0/go.mod h1:c347cR/OJfw5TI+GfX7RUPNMdDRRbjvYTS0jPyvsVtY=
