github.com/fxamacker/cbor/v2 v2.9.6 h1:NHZPxuUjJXQjX9itA785y/5NKSlI4HQ+S7noZsmI7hs=
github.com/fxamacker/cbor/v2 v2.9.6/go.mod h1:4EaZp6ClVunETjQ4GHmGNzysDK91Lr+r6Yz6tJqzVCw=
github.com/go-playground/errors/v5 v5.4.0 h1:BxBxwlRjuclYbRebE4ddrRrMK705lS2mHzHw7BDoDPA=
github.com/go-playground/errors/v5 v5.4.0/go.mod h1:6aVeVHsT36RNu/m/8AvGdPv8T2J/+KfVv6Su4VvBfpQ=
github.com/go-playground/pkg/v5 v5.32.0 h1:cfNesnmxNcCiI+lDUwoqRY/pX05Rc9vpuXKZguQYvAU=
github.com/go-playground/pkg/v5 v5.32.0/go.mod h1:16smvZwoP5hCzPUf11e/r6w88NtuzS776pT1Ixfewl4=
github.com/google/go-cmp v0.7.0 h1:wk8382ETsv4JYUZwIsn6YpYiWiBsYLSJiTsyBybVuN8=
github.com/google/go-cmp v0.7.0/go.mod h1:pXiqmnSA92OHEEa9HXL2W4E7lf9JzCmGVUdgjX3N/iU=
github.com/x448/float16 v0.8.4 h1:qLwI1I70+NjRFUR3zs1JPUCgaCXSh3SW62uAKT1mSBM=
github.com/x448/float16 v0.8.4/go.mod h1:14CWIYCyZA/cWjXOioeEpHeN/83MdbZDRQHoFcYsOfg=
golang.org/x/sys v0.48.0 h1:bbX/i/6MgT9BVLM9RT1thmxL04yeTAhbEz4SyadbXoo=
golang.org/x/sys v0.48.0/go.mod h1:hNLxWAXmnKAxqDtdwIYC4bM9oQPEecfsnNMuSxOs3og=
